
Microsoft Visual Studio Solution File, Format Version 12.00
# Visual Studio Version 16
VisualStudioVersion = 16.0.34031.81
MinimumVisualStudioVersion = 10.0.40219.1
Project("{2150E333-8FDC-42A3-9474-1A3956D46DE8}") = "Task0", "Task0", "{B0C57C00-38A4-4288-BC54-DDF1D675B4CB}"
EndProject
Project("{FAE04EC0-301F-11D3-BF4B-00C04F79EFBC}") = "Tyuiu.GoginMA.Sprint6.Task0.V3.Lib", "Tyuiu.GoginMA.Sprint6.Task0.V3.Lib\Tyuiu.GoginMA.Sprint6.Task0.V3.Lib.csproj", "{60CB2406-DCED-4157-8E84-4D1711124664}"
EndProject
Project("{FAE04EC0-301F-11D3-BF4B-00C04F79EFBC}") = "Tyuiu.GoginMA.Sprint6.Task0.V3.Test", "Tyuiu.GoginMA.Sprint6.Task0.V3.Test\Tyuiu.GoginMA.Sprint6.Task0.V3.Test.csproj", "{13AC8B3D-F837-4A74-A0F3-A998F9F3632F}"
EndProject
Project("{FAE04EC0-301F-11D3-BF4B-00C04F79EFBC}") = "Tyuiu.GoginMA.Sprint6.Task0.V3", "Tyuiu.GoginMA.Sprint6.Task0.V3\Tyuiu.GoginMA.Sprint6.Task0.V3.csproj", "{8D2BBFFC-D2E0-4A2A-B928-61FA70A24A4C}"
EndProject
Project("{2150E333-8FDC-42A3-9474-1A3956D46DE8}") = "Task1", "Task1", "{FBA57616-A79E-4DBE-BFCC-29CE96FAFE66}"
EndProject
Project("{FAE04EC0-301F-11D3-BF4B-00C04F79EFBC}") = "Tyuiu.GoginMA.Sprint6.Task1.V7.Lib", "Tyuiu.GoginMA.Sprint6.Task1.V7.Lib\Tyuiu.GoginMA.Sprint6.Task1.V7.Lib.csproj", "{940211A1-1056-43A1-B036-96AA19981638}"
EndProject
Project("{FAE04EC0-301F-11D3-BF4B-00C04F79EFBC}") = "Tyuiu.GoginMA.Sprint6.Task1.V7.Test", "Tyuiu.GoginMA.Sprint6.Task1.V7.Test\Tyuiu.GoginMA.Sprint6.Task1.V7.Test.csproj", "{7B1B6A80-E873-46C9-B8F7-74DBE364767D}"
EndProject
Project("{FAE04EC0-301F-11D3-BF4B-00C04F79EFBC}") = "Tyuiu.GoginMA.Sprint6.Task1.V7", "Tyuiu.GoginMA.Sprint6.Task1.V7\Tyuiu.GoginMA.Sprint6.Task1.V7.csproj", "{4F8BB13F-8E7F-4857-9924-B4A7C45DAB5C}"
EndProject
Project("{2150E333-8FDC-42A3-9474-1A3956D46DE8}") = "Task2", "Task2", "{DA4617E0-FE5D-4225-B53A-C1C7AC22ECD7}"
EndProject
Project("{FAE04EC0-301F-11D3-BF4B-00C04F79EFBC}") = "Tyuiu.GoginMA.Sprint6.Task2.V25", "Tyuiu.GoginMA.Sprint6.Task2.V25\Tyuiu.GoginMA.Sprint6.Task2.V25.csproj", "{87E4F713-73BA-42A3-9C65-9ECB27B5A6EC}"
EndProject
Project("{FAE04EC0-301F-11D3-BF4B-00C04F79EFBC}") = "Tyuiu.GoginMA.Sprint6.Task2.V25.Lib", "Tyuiu.GoginMA.Sprint6.Task2.V25.Lib\Tyuiu.GoginMA.Sprint6.Task2.V25.Lib.csproj", "{47170888-075B-4B64-8AC7-F1369539E3C4}"
EndProject
Project("{FAE04EC0-301F-11D3-BF4B-00C04F79EFBC}") = "Tyuiu.GoginMA.Sprint6.Task2.V25.Test", "Tyuiu.GoginMA.Sprint6.Task2.V25.Test\Tyuiu.GoginMA.Sprint6.Task2.V25.Test.csproj", "{841F8B09-216B-4323-99A3-2F58206DAD70}"
EndProject
Project("{2150E333-8FDC-42A3-9474-1A3956D46DE8}") = "Task3", "Task3", "{BEC54771-F1E3-4469-8E0A-EB5E24F6A97F}"
EndProject
Project("{FAE04EC0-301F-11D3-BF4B-00C04F79EFBC}") = "Tyuiu.GoginMA.Sprint6.Task3.V17", "Tyuiu.GoginMA.Sprint6.Task3.V17\Tyuiu.GoginMA.Sprint6.Task3.V17.csproj", "{28027C06-AD9E-4281-98CE-693649576DDC}"
EndProject
Project("{FAE04EC0-301F-11D3-BF4B-00C04F79EFBC}") = "Tyuiu.GoginMA.Sprint6.Task3.V17.Lib", "Tyuiu.GoginMA.Sprint6.Task3.V17.Lib\Tyuiu.GoginMA.Sprint6.Task3.V17.Lib.csproj", "{D105B413-436E-4D2B-B5E0-CB07D0D8E11E}"
EndProject
Project("{FAE04EC0-301F-11D3-BF4B-00C04F79EFBC}") = "Tyuiu.GoginMA.Sprint6.Task3.V17.Test", "Tyuiu.GoginMA.Sprint6.Task3.V17.Test\Tyuiu.GoginMA.Sprint6.Task3.V17.Test.csproj", "{237FC4DD-4C1F-4A33-AF9A-109780CDFE52}"
EndProject
Project("{2150E333-8FDC-42A3-9474-1A3956D46DE8}") = "Task4", "Task4", "{E5853093-ABFE-4831-B2FE-339967069078}"
EndProject
Project("{FAE04EC0-301F-11D3-BF4B-00C04F79EFBC}") = "Tyuiu.GoginMA.Sprint6.Task4.V15", "Tyuiu.GoginMA.Sprint6.Task4.V15\Tyuiu.GoginMA.Sprint6.Task4.V15.csproj", "{22DA367F-46EA-4320-AD72-69150B61F4BA}"
EndProject
Project("{FAE04EC0-301F-11D3-BF4B-00C04F79EFBC}") = "Tyuiu.GoginMA.Sprint6.Task4.V15.Lib", "Tyuiu.GoginMA.Sprint6.Task4.V15.Lib\Tyuiu.GoginMA.Sprint6.Task4.V15.Lib.csproj", "{95E1E187-E3DD-4BC6-9212-CC66CDDA909C}"
EndProject
Project("{FAE04EC0-301F-11D3-BF4B-00C04F79EFBC}") = "Tyuiu.GoginMA.Sprint6.Task4.V15.Test", "Tyuiu.GoginMA.Sprint6.Task4.V15.Test\Tyuiu.GoginMA.Sprint6.Task4.V15.Test.csproj", "{1068F7F1-88EA-49A4-B01A-630E28A115D4}"
EndProject
Global
	GlobalSection(SolutionConfigurationPlatforms) = preSolution
		Debug|Any CPU = Debug|Any CPU
		Release|Any CPU = Release|Any CPU
	EndGlobalSection
	GlobalSection(ProjectConfigurationPlatforms) = postSolution
		{60CB2406-DCED-4157-8E84-4D1711124664}.Debug|Any CPU.ActiveCfg = Debug|Any CPU
		{60CB2406-DCED-4157-8E84-4D1711124664}.Debug|Any CPU.Build.0 = Debug|Any CPU
		{60CB2406-DCED-4157-8E84-4D1711124664}.Release|Any CPU.ActiveCfg = Release|Any CPU
		{60CB2406-DCED-4157-8E84-4D1711124664}.Release|Any CPU.Build.0 = Release|Any CPU
		{13AC8B3D-F837-4A74-A0F3-A998F9F3632F}.Debug|Any CPU.ActiveCfg = Debug|Any CPU
		{13AC8B3D-F837-4A74-A0F3-A998F9F3632F}.Debug|Any CPU.Build.0 = Debug|Any CPU
		{13AC8B3D-F837-4A74-A0F3-A998F9F3632F}.Release|Any CPU.ActiveCfg = Release|Any CPU
		{13AC8B3D-F837-4A74-A0F3-A998F9F3632F}.Release|Any CPU.Build.0 = Release|Any CPU
		{8D2BBFFC-D2E0-4A2A-B928-61FA70A24A4C}.Debug|Any CPU.ActiveCfg = Debug|Any CPU
		{8D2BBFFC-D2E0-4A2A-B928-61FA70A24A4C}.Debug|Any CPU.Build.0 = Debug|Any CPU
		{8D2BBFFC-D2E0-4A2A-B928-61FA70A24A4C}.Release|Any CPU.ActiveCfg = Release|Any CPU
		{8D2BBFFC-D2E0-4A2A-B928-61FA70A24A4C}.Release|Any CPU.Build.0 = Release|Any CPU
		{940211A1-1056-43A1-B036-96AA19981638}.Debug|Any CPU.ActiveCfg = Debug|Any CPU
		{940211A1-1056-43A1-B036-96AA19981638}.Debug|Any CPU.Build.0 = Debug|Any CPU
		{940211A1-1056-43A1-B036-96AA19981638}.Release|Any CPU.ActiveCfg = Release|Any CPU
		{940211A1-1056-43A1-B036-96AA19981638}.Release|Any CPU.Build.0 = Release|Any CPU
		{7B1B6A80-E873-46C9-B8F7-74DBE364767D}.Debug|Any CPU.ActiveCfg = Debug|Any CPU
		{7B1B6A80-E873-46C9-B8F7-74DBE364767D}.Debug|Any CPU.Build.0 = Debug|Any CPU
		{7B1B6A80-E873-46C9-B8F7-74DBE364767D}.Release|Any CPU.ActiveCfg = Release|Any CPU
		{7B1B6A80-E873-46C9-B8F7-74DBE364767D}.Release|Any CPU.Build.0 = Release|Any CPU
		{4F8BB13F-8E7F-4857-9924-B4A7C45DAB5C}.Debug|Any CPU.ActiveCfg = Debug|Any CPU
		{4F8BB13F-8E7F-4857-9924-B4A7C45DAB5C}.Debug|Any CPU.Build.0 = Debug|Any CPU
		{4F8BB13F-8E7F-4857-9924-B4A7C45DAB5C}.Release|Any CPU.ActiveCfg = Release|Any CPU
		{4F8BB13F-8E7F-4857-9924-B4A7C45DAB5C}.Release|Any CPU.Build.0 = Release|Any CPU
		{87E4F713-73BA-42A3-9C65-9ECB27B5A6EC}.Debug|Any CPU.ActiveCfg = Debug|Any CPU
		{87E4F713-73BA-42A3-9C65-9ECB27B5A6EC}.Debug|Any CPU.Build.0 = Debug|Any CPU
		{87E4F713-73BA-42A3-9C65-9ECB27B5A6EC}.Release|Any CPU.ActiveCfg = Release|Any CPU
		{87E4F713-73BA-42A3-9C65-9ECB27B5A6EC}.Release|Any CPU.Build.0 = Release|Any CPU
		{47170888-075B-4B64-8AC7-F1369539E3C4}.Debug|Any CPU.ActiveCfg = Debug|Any CPU
		{47170888-075B-4B64-8AC7-F1369539E3C4}.Debug|Any CPU.Build.0 = Debug|Any CPU
		{47170888-075B-4B64-8AC7-F1369539E3C4}.Release|Any CPU.ActiveCfg = Release|Any CPU
		{47170888-075B-4B64-8AC7-F1369539E3C4}.Release|Any CPU.Build.0 = Release|Any CPU
		{841F8B09-216B-4323-99A3-2F58206DAD70}.Debug|Any CPU.ActiveCfg = Debug|Any CPU
		{841F8B09-216B-4323-99A3-2F58206DAD70}.Debug|Any CPU.Build.0 = Debug|Any CPU
		{841F8B09-216B-4323-99A3-2F58206DAD70}.Release|Any CPU.ActiveCfg = Release|Any CPU
		{841F8B09-216B-4323-99A3-2F58206DAD70}.Release|Any CPU.Build.0 = Release|Any CPU
		{28027C06-AD9E-4281-98CE-693649576DDC}.Debug|Any CPU.ActiveCfg = Debug|Any CPU
		{28027C06-AD9E-4281-98CE-693649576DDC}.Debug|Any CPU.Build.0 = Debug|Any CPU
		{28027C06-AD9E-4281-98CE-693649576DDC}.Release|Any CPU.ActiveCfg = Release|Any CPU
		{28027C06-AD9E-4281-98CE-693649576DDC}.Release|Any CPU.Build.0 = Release|Any CPU
		{D105B413-436E-4D2B-B5E0-CB07D0D8E11E}.Debug|Any CPU.ActiveCfg = Debug|Any CPU
		{D105B413-436E-4D2B-B5E0-CB07D0D8E11E}.Debug|Any CPU.Build.0 = Debug|Any CPU
		{D105B413-436E-4D2B-B5E0-CB07D0D8E11E}.Release|Any CPU.ActiveCfg = Release|Any CPU
		{D105B413-436E-4D2B-B5E0-CB07D0D8E11E}.Release|Any CPU.Build.0 = Release|Any CPU
		{237FC4DD-4C1F-4A33-AF9A-109780CDFE52}.Debug|Any CPU.ActiveCfg = Debug|Any CPU
		{237FC4DD-4C1F-4A33-AF9A-109780CDFE52}.Debug|Any CPU.Build.0 = Debug|Any CPU
		{237FC4DD-4C1F-4A33-AF9A-109780CDFE52}.Release|Any CPU.ActiveCfg = Release|Any CPU
		{237FC4DD-4C1F-4A33-AF9A-109780CDFE52}.Release|Any CPU.Build.0 = Release|Any CPU
		{22DA367F-46EA-4320-AD72-69150B61F4BA}.Debug|Any CPU.ActiveCfg = Debug|Any CPU
		{22DA367F-46EA-4320-AD72-69150B61F4BA}.Debug|Any CPU.Build.0 = Debug|Any CPU
		{22DA367F-46EA-4320-AD72-69150B61F4BA}.Release|Any CPU.ActiveCfg = Release|Any CPU
		{22DA367F-46EA-4320-AD72-69150B61F4BA}.Release|Any CPU.Build.0 = Release|Any CPU
		{95E1E187-E3DD-4BC6-9212-CC66CDDA909C}.Debug|Any CPU.ActiveCfg = Debug|Any CPU
		{95E1E187-E3DD-4BC6-9212-CC66CDDA909C}.Debug|Any CPU.Build.0 = Debug|Any CPU
		{95E1E187-E3DD-4BC6-9212-CC66CDDA909C}.Release|Any CPU.ActiveCfg = Release|Any CPU
		{95E1E187-E3DD-4BC6-9212-CC66CDDA909C}.Release|Any CPU.Build.0 = Release|Any CPU
		{1068F7F1-88EA-49A4-B01A-630E28A115D4}.Debug|Any CPU.ActiveCfg = Debug|Any CPU
		{1068F7F1-88EA-49A4-B01A-630E28A115D4}.Debug|Any CPU.Build.0 = Debug|Any CPU
		{1068F7F1-88EA-49A4-B01A-630E28A115D4}.Release|Any CPU.ActiveCfg = Release|Any CPU
		{1068F7F1-88EA-49A4-B01A-630E28A115D4}.Release|Any CPU.Build.0 = Release|Any CPU
	EndGlobalSection
	GlobalSection(SolutionProperties) = preSolution
		HideSolutionNode = FALSE
	EndGlobalSection
	GlobalSection(NestedProjects) = preSolution
		{60CB2406-DCED-4157-8E84-4D1711124664} = {B0C57C00-38A4-4288-BC54-DDF1D675B4CB}
		{13AC8B3D-F837-4A74-A0F3-A998F9F3632F} = {B0C57C00-38A4-4288-BC54-DDF1D675B4CB}
		{8D2BBFFC-D2E0-4A2A-B928-61FA70A24A4C} = {B0C57C00-38A4-4288-BC54-DDF1D675B4CB}
		{940211A1-1056-43A1-B036-96AA19981638} = {FBA57616-A79E-4DBE-BFCC-29CE96FAFE66}
		{7B1B6A80-E873-46C9-B8F7-74DBE364767D} = {FBA57616-A79E-4DBE-BFCC-29CE96FAFE66}
		{4F8BB13F-8E7F-4857-9924-B4A7C45DAB5C} = {FBA57616-A79E-4DBE-BFCC-29CE96FAFE66}
		{87E4F713-73BA-42A3-9C65-9ECB27B5A6EC} = {DA4617E0-FE5D-4225-B53A-C1C7AC22ECD7}
		{47170888-075B-4B64-8AC7-F1369539E3C4} = {DA4617E0-FE5D-4225-B53A-C1C7AC22ECD7}
		{841F8B09-216B-4323-99A3-2F58206DAD70} = {DA4617E0-FE5D-4225-B53A-C1C7AC22ECD7}
		{28027C06-AD9E-4281-98CE-693649576DDC} = {BEC54771-F1E3-4469-8E0A-EB5E24F6A97F}
		{D105B413-436E-4D2B-B5E0-CB07D0D8E11E} = {BEC54771-F1E3-4469-8E0A-EB5E24F6A97F}
		{237FC4DD-4C1F-4A33-AF9A-109780CDFE52} = {BEC54771-F1E3-4469-8E0A-EB5E24F6A97F}
		{22DA367F-46EA-4320-AD72-69150B61F4BA} = {E5853093-ABFE-4831-B2FE-339967069078}
		{95E1E187-E3DD-4BC6-9212-CC66CDDA909C} = {E5853093-ABFE-4831-B2FE-339967069078}
		{1068F7F1-88EA-49A4-B01A-630E28A115D4} = {E5853093-ABFE-4831-B2FE-339967069078}
	EndGlobalSection
	GlobalSection(ExtensibilityGlobals) = postSolution
		SolutionGuid = {661C5648-7272-4C85-9D80-7C42192465CA}
	EndGlobalSection
EndGlobal
